{
  "originHash" : "025fc621a156c9d4368bb7df78d1a56b1af93ad47aeaf462e02d91afed126d68",
  "pins" : [
    {
      "identity" : "llm",
      "kind" : "remoteSourceControl",
      "location" : "git@git.mattebox.com:ben/LLM.git",
      "state" : {
        "branch" : "main",
        "revision" : "fcf0e5346cf7b0dd58d6404a0280e464d995c8b4"
      }
    },
    {
      "identity" : "swift-argument-parser",
      "kind" : "remoteSourceControl",
      "location" : "https://github.com/apple/swift-argument-parser",
      "state" : {
        "revision" : "c5d11a805e765f52ba34ec7284bd4fcd6ba68615",
        "version" : "1.7.0"
      }
    }
  ],
  "version" : 3
}
